{
  "name": "@amorphie/schema-definitions",
  "version": "0.0.1-rc.1",
  "lockfileVersion": 3,
  "requires": true,
  "packages": {
    "": {
      "name": "@amorphie/schema-definitions",
      "version": "0.0.1-rc.1",
      "license": "MIT",
      "devDependencies": {},
      "engines": {
        "node": ">=14.0.0"
      }
    }
  }
}
